
Microsoft Visual Studio Solution File, Format Version 12.00
# Visual Studio Version 16
VisualStudioVersion = 16.0.30709.132
MinimumVisualStudioVersion = 10.0.40219.1
Project("{2150E333-8FDC-42A3-9474-1A3956D46DE8}") = "Services", "Services", "{C18DD18A-C00B-4EDF-BF17-5D02DACD1201}"
EndProject
Project("{2150E333-8FDC-42A3-9474-1A3956D46DE8}") = "WebApps", "WebApps", "{27F730E3-0259-4161-900C-42FCFACB606B}"
EndProject
Project("{2150E333-8FDC-42A3-9474-1A3956D46DE8}") = "Cadastros", "Cadastros", "{C51621F2-5D2F-4816-BCE7-BC68D7E4F80C}"
EndProject
Project("{2150E333-8FDC-42A3-9474-1A3956D46DE8}") = "Catalogo", "Catalogo", "{C70BD282-E3EF-4D4D-97F1-6F1C8F8292D6}"
EndProject
Project("{2150E333-8FDC-42A3-9474-1A3956D46DE8}") = "Core", "Core", "{3A8ED647-068C-4EAF-B5B0-C525412F2831}"
EndProject
Project("{2150E333-8FDC-42A3-9474-1A3956D46DE8}") = "Fiscal", "Fiscal", "{12ECD2C9-1567-45AE-84E3-9C332F2CBEAD}"
EndProject
Project("{2150E333-8FDC-42A3-9474-1A3956D46DE8}") = "Pagamentos", "Pagamentos", "{881BAE85-288D-4484-9B84-6D7BEF10AD11}"
EndProject
Project("{2150E333-8FDC-42A3-9474-1A3956D46DE8}") = "Vendas", "Vendas", "{87A6D241-0882-4763-B69D-FD3492027B82}"
EndProject
Project("{9A19103F-16F7-4668-BE54-9A1E7A4F7556}") = "NerdStore.Catalogo.Domain", "src\NerdStore.Catalogo.Domain\NerdStore.Catalogo.Domain.csproj", "{2202B762-748A-41B9-82EA-36CE0E72845A}"
EndProject
Project("{9A19103F-16F7-4668-BE54-9A1E7A4F7556}") = "NerdStore.Core", "src\NerdStore.Core\NerdStore.Core.csproj", "{DE328806-FE91-4370-999A-9104C4909B42}"
EndProject
Project("{2150E333-8FDC-42A3-9474-1A3956D46DE8}") = "Tests", "Tests", "{7D347B80-12D1-4185-9838-5824C557B834}"
EndProject
Project("{9A19103F-16F7-4668-BE54-9A1E7A4F7556}") = "NerdStore.Catalogo.Domain.Tests", "tests\NerdStore.Catalogo.Domain.Tests\NerdStore.Catalogo.Domain.Tests.csproj", "{241894D6-AA2C-46C5-8603-AED8AC91658B}"
EndProject
Project("{9A19103F-16F7-4668-BE54-9A1E7A4F7556}") = "NerdStore.Catalogo.Application", "src\NerdStore.Catalogo.Application\NerdStore.Catalogo.Application.csproj", "{BBBA6B2F-8774-463E-9D90-8F5EC10B8432}"
EndProject
Project("{9A19103F-16F7-4668-BE54-9A1E7A4F7556}") = "NerdStore.Catalogo.Data", "src\NerdStore.Catalogo.Data\NerdStore.Catalogo.Data.csproj", "{FE1F06FF-32FF-4540-9786-CB4A7F1E6392}"
EndProject
Project("{FAE04EC0-301F-11D3-BF4B-00C04F79EFBC}") = "NerdStore.WebApp.Mvc", "src\NerdStore.WebApp.Mvc\NerdStore.WebApp.Mvc.csproj", "{64604C0A-5069-43DF-8E50-1A45EAE621FF}"
EndProject
Global
	GlobalSection(SolutionConfigurationPlatforms) = preSolution
		Debug|Any CPU = Debug|Any CPU
		Release|Any CPU = Release|Any CPU
	EndGlobalSection
	GlobalSection(ProjectConfigurationPlatforms) = postSolution
		{2202B762-748A-41B9-82EA-36CE0E72845A}.Debug|Any CPU.ActiveCfg = Debug|Any CPU
		{2202B762-748A-41B9-82EA-36CE0E72845A}.Debug|Any CPU.Build.0 = Debug|Any CPU
		{2202B762-748A-41B9-82EA-36CE0E72845A}.Release|Any CPU.ActiveCfg = Release|Any CPU
		{2202B762-748A-41B9-82EA-36CE0E72845A}.Release|Any CPU.Build.0 = Release|Any CPU
		{DE328806-FE91-4370-999A-9104C4909B42}.Debug|Any CPU.ActiveCfg = Debug|Any CPU
		{DE328806-FE91-4370-999A-9104C4909B42}.Debug|Any CPU.Build.0 = Debug|Any CPU
		{DE328806-FE91-4370-999A-9104C4909B42}.Release|Any CPU.ActiveCfg = Release|Any CPU
		{DE328806-FE91-4370-999A-9104C4909B42}.Release|Any CPU.Build.0 = Release|Any CPU
		{241894D6-AA2C-46C5-8603-AED8AC91658B}.Debug|Any CPU.ActiveCfg = Debug|Any CPU
		{241894D6-AA2C-46C5-8603-AED8AC91658B}.Debug|Any CPU.Build.0 = Debug|Any CPU
		{241894D6-AA2C-46C5-8603-AED8AC91658B}.Release|Any CPU.ActiveCfg = Release|Any CPU
		{241894D6-AA2C-46C5-8603-AED8AC91658B}.Release|Any CPU.Build.0 = Release|Any CPU
		{BBBA6B2F-8774-463E-9D90-8F5EC10B8432}.Debug|Any CPU.ActiveCfg = Debug|Any CPU
		{BBBA6B2F-8774-463E-9D90-8F5EC10B8432}.Debug|Any CPU.Build.0 = Debug|Any CPU
		{BBBA6B2F-8774-463E-9D90-8F5EC10B8432}.Release|Any CPU.ActiveCfg = Release|Any CPU
		{BBBA6B2F-8774-463E-9D90-8F5EC10B8432}.Release|Any CPU.Build.0 = Release|Any CPU
		{FE1F06FF-32FF-4540-9786-CB4A7F1E6392}.Debug|Any CPU.ActiveCfg = Debug|Any CPU
		{FE1F06FF-32FF-4540-9786-CB4A7F1E6392}.Debug|Any CPU.Build.0 = Debug|Any CPU
		{FE1F06FF-32FF-4540-9786-CB4A7F1E6392}.Release|Any CPU.ActiveCfg = Release|Any CPU
		{FE1F06FF-32FF-4540-9786-CB4A7F1E6392}.Release|Any CPU.Build.0 = Release|Any CPU
		{64604C0A-5069-43DF-8E50-1A45EAE621FF}.Debug|Any CPU.ActiveCfg = Debug|Any CPU
		{64604C0A-5069-43DF-8E50-1A45EAE621FF}.Debug|Any CPU.Build.0 = Debug|Any CPU
		{64604C0A-5069-43DF-8E50-1A45EAE621FF}.Release|Any CPU.ActiveCfg = Release|Any CPU
		{64604C0A-5069-43DF-8E50-1A45EAE621FF}.Release|Any CPU.Build.0 = Release|Any CPU
	EndGlobalSection
	GlobalSection(SolutionProperties) = preSolution
		HideSolutionNode = FALSE
	EndGlobalSection
	GlobalSection(NestedProjects) = preSolution
		{C51621F2-5D2F-4816-BCE7-BC68D7E4F80C} = {C18DD18A-C00B-4EDF-BF17-5D02DACD1201}
		{C70BD282-E3EF-4D4D-97F1-6F1C8F8292D6} = {C18DD18A-C00B-4EDF-BF17-5D02DACD1201}
		{3A8ED647-068C-4EAF-B5B0-C525412F2831} = {C18DD18A-C00B-4EDF-BF17-5D02DACD1201}
		{12ECD2C9-1567-45AE-84E3-9C332F2CBEAD} = {C18DD18A-C00B-4EDF-BF17-5D02DACD1201}
		{881BAE85-288D-4484-9B84-6D7BEF10AD11} = {C18DD18A-C00B-4EDF-BF17-5D02DACD1201}
		{87A6D241-0882-4763-B69D-FD3492027B82} = {C18DD18A-C00B-4EDF-BF17-5D02DACD1201}
		{2202B762-748A-41B9-82EA-36CE0E72845A} = {C70BD282-E3EF-4D4D-97F1-6F1C8F8292D6}
		{DE328806-FE91-4370-999A-9104C4909B42} = {3A8ED647-068C-4EAF-B5B0-C525412F2831}
		{7D347B80-12D1-4185-9838-5824C557B834} = {C70BD282-E3EF-4D4D-97F1-6F1C8F8292D6}
		{241894D6-AA2C-46C5-8603-AED8AC91658B} = {7D347B80-12D1-4185-9838-5824C557B834}
		{BBBA6B2F-8774-463E-9D90-8F5EC10B8432} = {C70BD282-E3EF-4D4D-97F1-6F1C8F8292D6}
		{FE1F06FF-32FF-4540-9786-CB4A7F1E6392} = {C70BD282-E3EF-4D4D-97F1-6F1C8F8292D6}
		{64604C0A-5069-43DF-8E50-1A45EAE621FF} = {27F730E3-0259-4161-900C-42FCFACB606B}
	EndGlobalSection
	GlobalSection(ExtensibilityGlobals) = postSolution
		SolutionGuid = {DE2FC019-97F8-4D22-886D-F1313AF951E2}
	EndGlobalSection
EndGlobal
